// !$*UTF8*$!
{
	archiveVersion = 1;
	classes = {
	};
	objectVersion = 48;
	objects = {

/* Begin PBXBuildFile section */
		1CAF7B0B202465170023B43B /* Node.m in Sources */ = {isa = PBXBuildFile; fileRef = 1CAF7B0A202465170023B43B /* Node.m */; };
		1CAF7B15202467DC0023B43B /* NodeCell.m in Sources */ = {isa = PBXBuildFile; fileRef = 1CAF7B14202467DC0023B43B /* NodeCell.m */; };
		1CAF7B182024685C0023B43B /* UIView+Extension.m in Sources */ = {isa = PBXBuildFile; fileRef = 1CAF7B172024685C0023B43B /* UIView+Extension.m */; };
		1CCD9DD020244DF900C75ACD /* AppDelegate.m in Sources */ = {isa = PBXBuildFile; fileRef = 1CCD9DCF20244DF900C75ACD /* AppDelegate.m */; };
		1CCD9DD320244DF900C75ACD /* ViewController.m in Sources */ = {isa = PBXBuildFile; fileRef = 1CCD9DD220244DF900C75ACD /* ViewController.m */; };
		1CCD9DD620244DFA00C75ACD /* Main.storyboard in Resources */ = {isa = PBXBuildFile; fileRef = 1CCD9DD420244DFA00C75ACD /* Main.storyboard */; };
		1CCD9DD820244DFA00C75ACD /* Assets.xcassets in Resources */ = {isa = PBXBuildFile; fileRef = 1CCD9DD720244DFA00C75ACD /* Assets.xcassets */; };
		1CCD9DDB20244DFA00C75ACD /* LaunchScreen.storyboard in Resources */ = {isa = PBXBuildFile; fileRef = 1CCD9DD920244DFA00C75ACD /* LaunchScreen.storyboard */; };
		1CCD9DDE20244DFA00C75ACD /* main.m in Sources */ = {isa = PBXBuildFile; fileRef = 1CCD9DDD20244DFA00C75ACD /* main.m */; };
/* End PBXBuildFile section */

/* Begin PBXFileReference section */
		1CAF7B09202465170023B43B /* Node.h */ = {isa = PBXFileReference; lastKnownFileType = sourcecode.c.h; path = Node.h; sourceTree = "<group>"; };
		1CAF7B0A202465170023B43B /* Node.m */ = {isa = PBXFileReference; lastKnownFileType = sourcecode.c.objc; path = Node.m; sourceTree = "<group>"; };
		1CAF7B13202467DC0023B43B /* NodeCell.h */ = {isa = PBXFileReference; lastKnownFileType = sourcecode.c.h; path = NodeCell.h; sourceTree = "<group>"; };
		1CAF7B14202467DC0023B43B /* NodeCell.m */ = {isa = PBXFileReference; lastKnownFileType = sourcecode.c.objc; path = NodeCell.m; sourceTree = "<group>"; };
		1CAF7B162024685C0023B43B /* UIView+Extension.h */ = {isa = PBXFileReference; fileEncoding = 4; lastKnownFileType = sourcecode.c.h; path = "UIView+Extension.h"; sourceTree = "<group>"; };
		1CAF7B172024685C0023B43B /* UIView+Extension.m */ = {isa = PBXFileReference; fileEncoding = 4; lastKnownFileType = sourcecode.c.objc; path = "UIView+Extension.m"; sourceTree = "<group>"; };
		1CCD9DCB20244DF900C75ACD /* Tree.app */ = {isa = PBXFileReference; explicitFileType = wrapper.application; includeInIndex = 0; path = Tree.app; sourceTree = BUILT_PRODUCTS_DIR; };
		1CCD9DCE20244DF900C75ACD /* AppDelegate.h */ = {isa = PBXFileReference; lastKnownFileType = sourcecode.c.h; path = AppDelegate.h; sourceTree = "<group>"; };
		1CCD9DCF20244DF900C75ACD /* AppDelegate.m */ = {isa = PBXFileReference; lastKnownFileType = sourcecode.c.objc; path = AppDelegate.m; sourceTree = "<group>"; };
		1CCD9DD120244DF900C75ACD /* ViewController.h */ = {isa = PBXFileReference; lastKnownFileType = sourcecode.c.h; path = ViewController.h; sourceTree = "<group>"; };
		1CCD9DD220244DF900C75ACD /* ViewController.m */ = {isa = PBXFileReference; lastKnownFileType = sourcecode.c.objc; path = ViewController.m; sourceTree = "<group>"; };
		1CCD9DD520244DFA00C75ACD /* Base */ = {isa = PBXFileReference; lastKnownFileType = file.storyboard; name = Base; path = Base.lproj/Main.storyboard; sourceTree = "<group>"; };
		1CCD9DD720244DFA00C75ACD /* Assets.xcassets */ = {isa = PBXFileReference; lastKnownFileType = folder.assetcatalog; path = Assets.xcassets; sourceTree = "<group>"; };
		1CCD9DDA20244DFA00C75ACD /* Base */ = {isa = PBXFileReference; lastKnownFileType = file.storyboard; name = Base; path = Base.lproj/LaunchScreen.storyboard; sourceTree = "<group>"; };
		1CCD9DDC20244DFA00C75ACD /* Info.plist */ = {isa = PBXFileReference; lastKnownFileType = text.plist.xml; path = Info.plist; sourceTree = "<group>"; };
		1CCD9DDD20244DFA00C75ACD /* main.m */ = {isa = PBXFileReference; lastKnownFileType = sourcecode.c.objc; path = main.m; sourceTree = "<group>"; };
/* End PBXFileReference section */

/* Begin PBXFrameworksBuildPhase section */
		1CCD9DC820244DF900C75ACD /* Frameworks */ = {
			isa = PBXFrameworksBuildPhase;
			buildActionMask = 2147483647;
			files = (
			);
			runOnlyForDeploymentPostprocessing = 0;
		};
/* End PBXFrameworksBuildPhase section */

/* Begin PBXGroup section */
		1CAF7B0C202465CE0023B43B /* Frameworks */ = {
			isa = PBXGroup;
			children = (
			);
			name = Frameworks;
			sourceTree = "<group>";
		};
		1CCD9DC220244DF900C75ACD = {
			isa = PBXGroup;
			children = (
				1CCD9DCD20244DF900C75ACD /* Tree */,
				1CCD9DCC20244DF900C75ACD /* Products */,
				1CAF7B0C202465CE0023B43B /* Frameworks */,
			);
			sourceTree = "<group>";
		};
		1CCD9DCC20244DF900C75ACD /* Products */ = {
			isa = PBXGroup;
			children = (
				1CCD9DCB20244DF900C75ACD /* Tree.app */,
			);
			name = Products;
			sourceTree = "<group>";
		};
		1CCD9DCD20244DF900C75ACD /* Tree */ = {
			isa = PBXGroup;
			children = (
				1CAF7B162024685C0023B43B /* UIView+Extension.h */,
				1CAF7B172024685C0023B43B /* UIView+Extension.m */,
				1CCD9DCE20244DF900C75ACD /* AppDelegate.h */,
				1CCD9DCF20244DF900C75ACD /* AppDelegate.m */,
				1CCD9DD120244DF900C75ACD /* ViewController.h */,
				1CCD9DD220244DF900C75ACD /* ViewController.m */,
				1CAF7B09202465170023B43B /* Node.h */,
				1CAF7B0A202465170023B43B /* Node.m */,
				1CAF7B13202467DC0023B43B /* NodeCell.h */,
				1CAF7B14202467DC0023B43B /* NodeCell.m */,
				1CCD9DD420244DFA00C75ACD /* Main.storyboard */,
				1CCD9DD720244DFA00C75ACD /* Assets.xcassets */,
				1CCD9DD920244DFA00C75ACD /* LaunchScreen.storyboard */,
				1CCD9DDC20244DFA00C75ACD /* Info.plist */,
				1CCD9DDD20244DFA00C75ACD /* main.m */,
			);
			path = Tree;
			sourceTree = "<group>";
		};
/* End PBXGroup section */

/* Begin PBXNativeTarget section */
		1CCD9DCA20244DF900C75ACD /* Tree */ = {
			isa = PBXNativeTarget;
			buildConfigurationList = 1CCD9DE120244DFA00C75ACD /* Build configuration list for PBXNativeTarget "Tree" */;
			buildPhases = (
				1CCD9DC720244DF900C75ACD /* Sources */,
				1CCD9DC820244DF900C75ACD /* Frameworks */,
				1CCD9DC920244DF900C75ACD /* Resources */,
			);
			buildRules = (
			);
			dependencies = (
			);
			name = Tree;
			productName = Tree;
			productReference = 1CCD9DCB20244DF900C75ACD /* Tree.app */;
			productType = "com.apple.product-type.application";
		};
/* End PBXNativeTarget section */

/* Begin PBXProject section */
		1CCD9DC320244DF900C75ACD /* Project object */ = {
			isa = PBXProject;
			attributes = {
				LastUpgradeCheck = 0920;
				ORGANIZATIONNAME = natsu;
				TargetAttributes = {
					1CCD9DCA20244DF900C75ACD = {
						CreatedOnToolsVersion = 9.2;
						ProvisioningStyle = Automatic;
					};
				};
			};
			buildConfigurationList = 1CCD9DC620244DF900C75ACD /* Build configuration list for PBXProject "Tree" */;
			compatibilityVersion = "Xcode 8.0";
			developmentRegion = en;
			hasScannedForEncodings = 0;
			knownRegions = (
				en,
				Base,
			);
			mainGroup = 1CCD9DC220244DF900C75ACD;
			productRefGroup = 1CCD9DCC20244DF900C75ACD /* Products */;
			projectDirPath = "";
			projectRoot = "";
			targets = (
				1CCD9DCA20244DF900C75ACD /* Tree */,
			);
		};
/* End PBXProject section */

/* Begin PBXResourcesBuildPhase section */
		1CCD9DC920244DF900C75ACD /* Resources */ = {
			isa = PBXResourcesBuildPhase;
			buildActionMask = 2147483647;
			files = (
				1CCD9DDB20244DFA00C75ACD /* LaunchScreen.storyboard in Resources */,
				1CCD9DD820244DFA00C75ACD /* Assets.xcassets in Resources */,
				1CCD9DD620244DFA00C75ACD /* Main.storyboard in Resources */,
			);
			runOnlyForDeploymentPostprocessing = 0;
		};
/* End PBXResourcesBuildPhase section */

/* Begin PBXSourcesBuildPhase section */
		1CCD9DC720244DF900C75ACD /* Sources */ = {
			isa = PBXSourcesBuildPhase;
			buildActionMask = 2147483647;
			files = (
				1CAF7B182024685C0023B43B /* UIView+Extension.m in Sources */,
				1CCD9DD320244DF900C75ACD /* ViewController.m in Sources */,
				1CAF7B15202467DC0023B43B /* NodeCell.m in Sources */,
				1CCD9DDE20244DFA00C75ACD /* main.m in Sources */,
				1CCD9DD020244DF900C75ACD /* AppDelegate.m in Sources */,
				1CAF7B0B202465170023B43B /* Node.m in Sources */,
			);
			runOnlyForDeploymentPostprocessing = 0;
		};
/* End PBXSourcesBuildPhase section */

/* Begin PBXVariantGroup section */
		1CCD9DD420244DFA00C75ACD /* Main.storyboard */ = {
			isa = PBXVariantGroup;
			children = (
				1CCD9DD520244DFA00C75ACD /* Base */,
			);
			name = Main.storyboard;
			sourceTree = "<group>";
		};
		1CCD9DD920244DFA00C75ACD /* LaunchScreen.storyboard */ = {
			isa = PBXVariantGroup;
			children = (
				1CCD9DDA20244DFA00C75ACD /* Base */,
			);
			name = LaunchScreen.storyboard;
			sourceTree = "<group>";
		};
/* End PBXVariantGroup section */

/* Begin XCBuildConfiguration section */
		1CCD9DDF20244DFA00C75ACD /* Debug */ = {
			isa = XCBuildConfiguration;
			buildSettings = {
				ALWAYS_SEARCH_USER_PATHS = NO;
				CLANG_ANALYZER_NONNULL = YES;
				CLANG_ANALYZER_NUMBER_OBJECT_CONVERSION = YES_AGGRESSIVE;
				CLANG_CXX_LANGUAGE_STANDARD = "gnu++14";
				CLANG_CXX_LIBRARY = "libc++";
				CLANG_ENABLE_MODULES = YES;
				CLANG_ENABLE_OBJC_ARC = YES;
				CLANG_WARN_BLOCK_CAPTURE_AUTORELEASING = YES;
				CLANG_WARN_BOOL_CONVERSION = YES;
				CLANG_WARN_COMMA = YES;
				CLANG_WARN_CONSTANT_CONVERSION = YES;
				CLANG_WARN_DIRECT_OBJC_ISA_USAGE = YES_ERROR;
				CLANG_WARN_DOCUMENTATION_COMMENTS = YES;
				CLANG_WARN_EMPTY_BODY = YES;
				CLANG_WARN_ENUM_CONVERSION = YES;
				CLANG_WARN_INFINITE_RECURSION = YES;
				CLANG_WARN_INT_CONVERSION = YES;
				CLANG_WARN_NON_LITERAL_NULL_CONVERSION = YES;
				CLANG_WARN_OBJC_LITERAL_CONVERSION = YES;
				CLANG_WARN_OBJC_ROOT_CLASS = YES_ERROR;
				CLANG_WARN_RANGE_LOOP_ANALYSIS = YES;
				CLANG_WARN_STRICT_PROTOTYPES = YES;
				CLANG_WARN_SUSPICIOUS_MOVE = YES;
				CLANG_WARN_UNGUARDED_AVAILABILITY = YES_AGGRESSIVE;
				CLANG_WARN_UNREACHABLE_CODE = YES;
				CLANG_WARN__DUPLICATE_METHOD_MATCH = YES;
				CODE_SIGN_IDENTITY = "iPhone Developer";
				COPY_PHASE_STRIP = NO;
				DEBUG_INFORMATION_FORMAT = dwarf;
				ENABLE_STRICT_OBJC_MSGSEND = YES;
				ENABLE_TESTABILITY = YES;
				GCC_C_LANGUAGE_STANDARD = gnu11;
				GCC_DYNAMIC_NO_PIC = NO;
				GCC_NO_COMMON_BLOCKS = YES;
				GCC_OPTIMIZATION_LEVEL = 0;
				GCC_PREPROCESSOR_DEFINITIONS = (
					"DEBUG=1",
					"$(inherited)",
				);
				GCC_WARN_64_TO_32_BIT_CONVERSION = YES;
				GCC_WARN_ABOUT_RETURN_TYPE = YES_ERROR;
				GCC_WARN_UNDECLARED_SELECTOR = YES;
				GCC_WARN_UNINITIALIZED_AUTOS = YES_AGGRESSIVE;
				GCC_WARN_UNUSED_FUNCTION = YES;
				GCC_WARN_UNUSED_VARIABLE = YES;
				IPHONEOS_DEPLOYMENT_TARGET = 11.2;
				MTL_ENABLE_DEBUG_INFO = YES;
				ONLY_ACTIVE_ARCH = YES;
				SDKROOT = iphoneos;
			};
			name = Debug;
		};
		1CCD9DE020244DFA00C75ACD /* Release */ = {
			isa = XCBuildConfiguration;
			buildSettings = {
				ALWAYS_SEARCH_USER_PATHS = NO;
				CLANG_ANALYZER_NONNULL = YES;
				CLANG_ANALYZER_NUMBER_OBJECT_CONVERSION = YES_AGGRESSIVE;
				CLANG_CXX_LANGUAGE_STANDARD = "gnu++14";
				CLANG_CXX_LIBRARY = "libc++";
				CLANG_ENABLE_MODULES = YES;
				CLANG_ENABLE_OBJC_ARC = YES;
				CLANG_WARN_BLOCK_CAPTURE_AUTORELEASING = YES;
				CLANG_WARN_BOOL_CONVERSION = YES;
				CLANG_WARN_COMMA = YES;
				CLANG_WARN_CONSTANT_CONVERSION = YES;
				CLANG_WARN_DIRECT_OBJC_ISA_USAGE = YES_ERROR;
				CLANG_WARN_DOCUMENTATION_COMMENTS = YES;
				CLANG_WARN_EMPTY_BODY = YES;
				CLANG_WARN_ENUM_CONVERSION = YES;
				CLANG_WARN_INFINITE_RECURSION = YES;
				CLANG_WARN_INT_CONVERSION = YES;
				CLANG_WARN_NON_LITERAL_NULL_CONVERSION = YES;
				CLANG_WARN_OBJC_LITERAL_CONVERSION = YES;
				CLANG_WARN_OBJC_ROOT_CLASS = YES_ERROR;
				CLANG_WARN_RANGE_LOOP_ANALYSIS = YES;
				CLANG_WARN_STRICT_PROTOTYPES = YES;
				CLANG_WARN_SUSPICIOUS_MOVE = YES;
				CLANG_WARN_UNGUARDED_AVAILABILITY = YES_AGGRESSIVE;
				CLANG_WARN_UNREACHABLE_CODE = YES;
				CLANG_WARN__DUPLICATE_METHOD_MATCH = YES;
				CODE_SIGN_IDENTITY = "iPhone Developer";
				COPY_PHASE_STRIP = NO;
				DEBUG_INFORMATION_FORMAT = "dwarf-with-dsym";
				ENABLE_NS_ASSERTIONS = NO;
				ENABLE_STRICT_OBJC_MSGSEND = YES;
				GCC_C_LANGUAGE_STANDARD = gnu11;
				GCC_NO_COMMON_BLOCKS = YES;
				GCC_WARN_64_TO_32_BIT_CONVERSION = YES;
				GCC_WARN_ABOUT_RETURN_TYPE = YES_ERROR;
				GCC_WARN_UNDECLARED_SELECTOR = YES;
				GCC_WARN_UNINITIALIZED_AUTOS = YES_AGGRESSIVE;
				GCC_WARN_UNUSED_FUNCTION = YES;
				GCC_WARN_UNUSED_VARIABLE = YES;
				IPHONEOS_DEPLOYMENT_TARGET = 11.2;
				MTL_ENABLE_DEBUG_INFO = NO;
				SDKROOT = iphoneos;
				VALIDATE_PRODUCT = YES;
			};
			name = Release;
		};
		1CCD9DE220244DFA00C75ACD /* Debug */ = {
			isa = XCBuildConfiguration;
			buildSettings = {
				ASSETCATALOG_COMPILER_APPICON_NAME = AppIcon;
				CODE_SIGN_STYLE = Automatic;
				INFOPLIST_FILE = Tree/Info.plist;
				LD_RUNPATH_SEARCH_PATHS = "$(inherited) @executable_path/Frameworks";
				PRODUCT_BUNDLE_IDENTIFIER = com.natsu.Tree;
				PRODUCT_NAME = "$(TARGET_NAME)";
				TARGETED_DEVICE_FAMILY = "1,2";
			};
			name = Debug;
		};
		1CCD9DE320244DFA00C75ACD /* Release */ = {
			isa = XCBuildConfiguration;
			buildSettings = {
				ASSETCATALOG_COMPILER_APPICON_NAME = AppIcon;
				CODE_SIGN_STYLE = Automatic;
				INFOPLIST_FILE = Tree/Info.plist;
				LD_RUNPATH_SEARCH_PATHS = "$(inherited) @executable_path/Frameworks";
				PRODUCT_BUNDLE_IDENTIFIER = com.natsu.Tree;
				PRODUCT_NAME = "$(TARGET_NAME)";
				TARGETED_DEVICE_FAMILY = "1,2";
			};
			name = Release;
		};
/* End XCBuildConfiguration section */

/* Begin XCConfigurationList section */
		1CCD9DC620244DF900C75ACD /* Build configuration list for PBXProject "Tree" */ = {
			isa = XCConfigurationList;
			buildConfigurations = (
				1CCD9DDF20244DFA00C75ACD /* Debug */,
				1CCD9DE020244DFA00C75ACD /* Release */,
			);
			defaultConfigurationIsVisible = 0;
			defaultConfigurationName = Release;
		};
		1CCD9DE120244DFA00C75ACD /* Build configuration list for PBXNativeTarget "Tree" */ = {
			isa = XCConfigurationList;
			buildConfigurations = (
				1CCD9DE220244DFA00C75ACD /* Debug */,
				1CCD9DE320244DFA00C75ACD /* Release */,
			);
			defaultConfigurationIsVisible = 0;
			defaultConfigurationName = Release;
		};
/* End XCConfigurationList section */
	};
	rootObject = 1CCD9DC320244DF900C75ACD /* Project object */;
}
